
Microsoft Visual Studio Solution File, Format Version 12.00
# Visual Studio Version 17
VisualStudioVersion = 17.0.32126.317
MinimumVisualStudioVersion = 10.0.40219.1
Project("{FAE04EC0-301F-11D3-BF4B-00C04F79EFBC}") = "TubeScan", "src\TubeScan\TubeScan.csproj", "{B54E952B-FB46-4B30-9854-5662D4C340E8}"
EndProject
Global
	GlobalSection(SolutionConfigurationPlatforms) = preSolution
		Debug|Any CPU = Debug|Any CPU
		Release|Any CPU = Release|Any CPU
	EndGlobalSection
	GlobalSection(ProjectConfigurationPlatforms) = postSolution
		{B54E952B-FB46-4B30-9854-5662D4C340E8}.Debug|Any CPU.ActiveCfg = Debug|Any CPU
		{B54E952B-FB46-4B30-9854-5662D4C340E8}.Debug|Any CPU.Build.0 = Debug|Any CPU
		{B54E952B-FB46-4B30-9854-5662D4C340E8}.Release|Any CPU.ActiveCfg = Release|Any CPU
		{B54E952B-FB46-4B30-9854-5662D4C340E8}.Release|Any CPU.Build.0 = Release|Any CPU
	EndGlobalSection
	GlobalSection(SolutionProperties) = preSolution
		HideSolutionNode = FALSE
	EndGlobalSection
	GlobalSection(ExtensibilityGlobals) = postSolution
		SolutionGuid = {341E2423-731A-493D-A358-FBFBD33C9415}
	EndGlobalSection
EndGlobal
