Microsoft Visual Studio Solution File, Format Version 12.00
# Visual Studio Version 17
VisualStudioVersion = 17.5.2.0
MinimumVisualStudioVersion = 10.0.40219.1
Project("{FAE04EC0-301F-11D3-BF4B-00C04F79EFBC}") = "TubeScan", "TubeScan\TubeScan.csproj", "{4743C63E-D989-5076-40EB-83037BD3096C}"
EndProject
Global
	GlobalSection(SolutionConfigurationPlatforms) = preSolution
		Debug|Any CPU = Debug|Any CPU
		Release|Any CPU = Release|Any CPU
	EndGlobalSection
	GlobalSection(ProjectConfigurationPlatforms) = postSolution
		{4743C63E-D989-5076-40EB-83037BD3096C}.Debug|Any CPU.ActiveCfg = Debug|Any CPU
		{4743C63E-D989-5076-40EB-83037BD3096C}.Debug|Any CPU.Build.0 = Debug|Any CPU
		{4743C63E-D989-5076-40EB-83037BD3096C}.Release|Any CPU.ActiveCfg = Release|Any CPU
		{4743C63E-D989-5076-40EB-83037BD3096C}.Release|Any CPU.Build.0 = Release|Any CPU
	EndGlobalSection
	GlobalSection(SolutionProperties) = preSolution
		HideSolutionNode = FALSE
	EndGlobalSection
	GlobalSection(ExtensibilityGlobals) = postSolution
		SolutionGuid = {DF92BF8A-32FA-497A-B4C3-58BBF64B3581}
	EndGlobalSection
EndGlobal
